
Microsoft Visual Studio Solution File, Format Version 12.00
# Visual Studio Version 16
VisualStudioVersion = 16.0.30225.117
MinimumVisualStudioVersion = 10.0.40219.1
Project("{FAE04EC0-301F-11D3-BF4B-00C04F79EFBC}") = "ReadSQLite3", "ReadSQLite3.csproj", "{1DAC5176-AFB1-4A74-8E97-A7C79CF1B37B}"
EndProject
Global
	GlobalSection(SolutionConfigurationPlatforms) = preSolution
		Debug|Any CPU = Debug|Any CPU
		Release|Any CPU = Release|Any CPU
	EndGlobalSection
	GlobalSection(ProjectConfigurationPlatforms) = postSolution
		{1DAC5176-AFB1-4A74-8E97-A7C79CF1B37B}.Debug|Any CPU.ActiveCfg = Debug|Any CPU
		{1DAC5176-AFB1-4A74-8E97-A7C79CF1B37B}.Debug|Any CPU.Build.0 = Debug|Any CPU
		{1DAC5176-AFB1-4A74-8E97-A7C79CF1B37B}.Release|Any CPU.ActiveCfg = Release|Any CPU
		{1DAC5176-AFB1-4A74-8E97-A7C79CF1B37B}.Release|Any CPU.Build.0 = Release|Any CPU
	EndGlobalSection
	GlobalSection(SolutionProperties) = preSolution
		HideSolutionNode = FALSE
	EndGlobalSection
	GlobalSection(ExtensibilityGlobals) = postSolution
		SolutionGuid = {348D39DE-9948-4B0F-9932-A2E3742A62CD}
	EndGlobalSection
EndGlobal
